
Microsoft Visual Studio Solution File, Format Version 12.00
Project("{2150E333-8FDC-42A3-9474-1A3956D46DE8}") = "Microservices", "Microservices", "{9D1C9FA1-C45F-4954-B3F3-E17B2D8DB115}"
EndProject
Project("{FAE04EC0-301F-11D3-BF4B-00C04F79EFBC}") = "ContactWebApi", "ContactWebApi\ContactWebApi.csproj", "{60571ADF-E61E-4E58-A880-5B8239F75F3C}"
EndProject
Project("{2150E333-8FDC-42A3-9474-1A3956D46DE8}") = "Solution Items", "Solution Items", "{FFA626D2-A421-42F0-AFA0-7725D76E164E}"
	ProjectSection(SolutionItems) = preProject
		docker-compose.yml = docker-compose.yml
	EndProjectSection
EndProject
Global
	GlobalSection(SolutionConfigurationPlatforms) = preSolution
		Debug|Any CPU = Debug|Any CPU
		Release|Any CPU = Release|Any CPU
	EndGlobalSection
	GlobalSection(NestedProjects) = preSolution
		{60571ADF-E61E-4E58-A880-5B8239F75F3C} = {9D1C9FA1-C45F-4954-B3F3-E17B2D8DB115}
	EndGlobalSection
	GlobalSection(ProjectConfigurationPlatforms) = postSolution
		{60571ADF-E61E-4E58-A880-5B8239F75F3C}.Debug|Any CPU.ActiveCfg = Debug|Any CPU
		{60571ADF-E61E-4E58-A880-5B8239F75F3C}.Debug|Any CPU.Build.0 = Debug|Any CPU
		{60571ADF-E61E-4E58-A880-5B8239F75F3C}.Release|Any CPU.ActiveCfg = Release|Any CPU
		{60571ADF-E61E-4E58-A880-5B8239F75F3C}.Release|Any CPU.Build.0 = Release|Any CPU
	EndGlobalSection
EndGlobal
